
Microsoft Visual Studio Solution File, Format Version 12.00
# Visual Studio Version 17
VisualStudioVersion = 17.10.35027.167
MinimumVisualStudioVersion = 10.0.40219.1
Project("{FAE04EC0-301F-11D3-BF4B-00C04F79EFBC}") = "Sominnercore", "Sominnercore.csproj", "{D393A621-32BA-4E6A-A146-87AFAA7851CD}"
EndProject
Global
	GlobalSection(SolutionConfigurationPlatforms) = preSolution
		Debug|Any CPU = Debug|Any CPU
		Release|Any CPU = Release|Any CPU
	EndGlobalSection
	GlobalSection(ProjectConfigurationPlatforms) = postSolution
		{D393A621-32BA-4E6A-A146-87AFAA7851CD}.Debug|Any CPU.ActiveCfg = Debug|Any CPU
		{D393A621-32BA-4E6A-A146-87AFAA7851CD}.Debug|Any CPU.Build.0 = Debug|Any CPU
		{D393A621-32BA-4E6A-A146-87AFAA7851CD}.Release|Any CPU.ActiveCfg = Release|Any CPU
		{D393A621-32BA-4E6A-A146-87AFAA7851CD}.Release|Any CPU.Build.0 = Release|Any CPU
	EndGlobalSection
	GlobalSection(SolutionProperties) = preSolution
		HideSolutionNode = FALSE
	EndGlobalSection
	GlobalSection(ExtensibilityGlobals) = postSolution
		SolutionGuid = {11765918-8811-47B1-A0E3-5065815CA100}
	EndGlobalSection
EndGlobal
